{
	"name": "characters",
	"version": "1.0.0",
	"lockfileVersion": 3,
	"requires": true,
	"packages": {
		"": {
			"name": "characters",
			"version": "1.0.0",
			"license": "ISC",
			"dependencies": {
				"prettier": "^3.6.2",
				"scss": "^0.2.4"
			},
			"devDependencies": {
				"@types/twine-sugarcube": "^2.37.2",
				"typescript": "^5.9.3"
			}
		},
		"node_modules/@types/jquery": {
			"version": "3.5.33",
			"resolved": "https://registry.npmjs.org/@types/jquery/-/jquery-3.5.33.tgz",
			"integrity": "sha512-SeyVJXlCZpEki5F0ghuYe+L+PprQta6nRZqhONt9F13dWBtR/ftoaIbdRQ7cis7womE+X2LKhsDdDtkkDhJS6g==",
			"dev": true,
			"license": "MIT",
			"dependencies": {
				"@types/sizzle": "*"
			}
		},
		"node_modules/@types/sizzle": {
			"version": "2.3.10",
			"resolved": "https://registry.npmjs.org/@types/sizzle/-/sizzle-2.3.10.tgz",
			"integrity": "sha512-TC0dmN0K8YcWEAEfiPi5gJP14eJe30TTGjkvek3iM/1NdHHsdCA/Td6GvNndMOo/iSnIsZ4HuuhrYPDAmbxzww==",
			"dev": true,
			"license": "MIT"
		},
		"node_modules/@types/twine-sugarcube": {
			"version": "2.37.2",
			"resolved": "https://registry.npmjs.org/@types/twine-sugarcube/-/twine-sugarcube-2.37.2.tgz",
			"integrity": "sha512-ta3swJxlp3YUxo9hElYhar+MC5mG+TirKhmBr8+67nU5DfgqJK7SrIF05W54yaIRei9KNZDwAvgg/mu8PyTa4Q==",
			"dev": true,
			"license": "MIT",
			"dependencies": {
				"@types/jquery": "*"
			}
		},
		"node_modules/ometa": {
			"version": "0.2.2",
			"resolved": "https://registry.npmjs.org/ometa/-/ometa-0.2.2.tgz",
			"integrity": "sha512-LZuoK/yjU3FvrxPjUXUlZ1bavCfBPqauA7fsNdwi+AVhRdyk2IzgP3JRnevvjzQ6fKHdUw8YISshf53FmpHrng==",
			"engines": {
				"node": ">= 0.2.0"
			}
		},
		"node_modules/prettier": {
			"version": "3.6.2",
			"resolved": "https://registry.npmjs.org/prettier/-/prettier-3.6.2.tgz",
			"integrity": "sha512-I7AIg5boAr5R0FFtJ6rCfD+LFsWHp81dolrFD8S79U9tb8Az2nGrJncnMSnys+bpQJfRUzqs9hnA81OAA3hCuQ==",
			"license": "MIT",
			"bin": {
				"prettier": "bin/prettier.cjs"
			},
			"engines": {
				"node": ">=14"
			},
			"funding": {
				"url": "https://github.com/prettier/prettier?sponsor=1"
			}
		},
		"node_modules/scss": {
			"version": "0.2.4",
			"resolved": "https://registry.npmjs.org/scss/-/scss-0.2.4.tgz",
			"integrity": "sha512-4u8V87F+Q/upVhUmhPnB4C1R11xojkRkWjExL2v0CX2EXTg18VrKd+9JWoeyCp2VEMdSpJsyAvVU+rVjogh51A==",
			"dependencies": {
				"ometa": "0.2.2"
			},
			"engines": {
				"node": ">= 0.2.0"
			}
		},
		"node_modules/typescript": {
			"version": "5.9.3",
			"resolved": "https://registry.npmjs.org/typescript/-/typescript-5.9.3.tgz",
			"integrity": "sha512-jl1vZzPDinLr9eUt3J/t7V6FgNEw9QjvBPdysz9KfQDD41fQrC2Y4vKQdiaUpFT4bXlb1RHhLpp8wtm6M5TgSw==",
			"dev": true,
			"license": "Apache-2.0",
			"bin": {
				"tsc": "bin/tsc",
				"tsserver": "bin/tsserver"
			},
			"engines": {
				"node": ">=14.17"
			}
		}
	}
}
